{
  "name": "sturmovikcampaignclient",
  "version": "1.0.0",
  "lockfileVersion": 1,
  "requires": true,
  "dependencies": {
    "@types/bootstrap": {
      "version": "4.3.1",
      "resolved": "https://registry.npmjs.org/@types/bootstrap/-/bootstrap-4.3.1.tgz",
      "integrity": "sha512-n7Zv7Y+C98Yv4oqbyqGn3alCvNRCya2xMYzOdVEnmnFlu04MXQk1ntVrBhXzDkiwhZZYNkNfBZn2yhTnEh/mHQ==",
      "requires": {
        "@types/jquery": "*",
        "popper.js": "^1.14.1"
      }
    },
    "@types/d3": {
      "version": "3.5.43",
      "resolved": "https://registry.npmjs.org/@types/d3/-/d3-3.5.43.tgz",
      "integrity": "sha512-t9ZmXOcpVxywRw86YtIC54g7M9puRh8hFedRvVfHKf5YyOP6pSxA0TvpXpfseXSCInoW4P7bggTrSDiUOs4g5w=="
    },
    "@types/geojson": {
      "version": "7946.0.7",
      "resolved": "https://registry.npmjs.org/@types/geojson/-/geojson-7946.0.7.tgz",
      "integrity": "sha512-wE2v81i4C4Ol09RtsWFAqg3BUitWbHSpSlIo+bNdsCJijO9sjme+zm+73ZMCa/qMC8UEERxzGbvmr1cffo2SiQ=="
    },
    "@types/jquery": {
      "version": "3.3.34",
      "resolved": "https://registry.npmjs.org/@types/jquery/-/jquery-3.3.34.tgz",
      "integrity": "sha512-lW9vsVL53Xu/Nj4gi2hNmHGc4u3KKghjqTkAlO0kF5GIOPxbqqnQpgqJBzmn3yXLrPqHb6cmNJ6URnS23Vtvbg==",
      "requires": {
        "@types/sizzle": "*"
      }
    },
    "@types/leaflet": {
      "version": "1.5.12",
      "resolved": "https://registry.npmjs.org/@types/leaflet/-/leaflet-1.5.12.tgz",
      "integrity": "sha512-61HRMIng+bWvnnAIqUWLBlrd/TQZc4gU+gN1JL4K47EDtwIrcMEhWgi7PdcpbG1YmpH4F0EfOimkvV82gJIl9w==",
      "requires": {
        "@types/geojson": "*"
      }
    },
    "@types/plotly.js": {
      "version": "1.50.0",
      "resolved": "https://registry.npmjs.org/@types/plotly.js/-/plotly.js-1.50.0.tgz",
      "integrity": "sha512-upoClvFBG+y3eyHpfVcBw9pCXzgC4wROwaaPeA2wc2MX88rS5Xwgb3ZtPTB9fhwYd2wltiCZtL0gpXPPt+mQpA==",
      "requires": {
        "@types/d3": "^3"
      }
    },
    "@types/sizzle": {
      "version": "2.3.2",
      "resolved": "https://registry.npmjs.org/@types/sizzle/-/sizzle-2.3.2.tgz",
      "integrity": "sha512-7EJYyKTL7tFR8+gDbB6Wwz/arpGa0Mywk1TJbNzKzHtzbwVmY4HR9WqS5VV7dsBUKQmPNr192jHr/VpBluj/hg=="
    },
    "popper.js": {
      "version": "1.16.1",
      "resolved": "https://registry.npmjs.org/popper.js/-/popper.js-1.16.1.tgz",
      "integrity": "sha512-Wb4p1J4zyFTbM+u6WuO4XstYx4Ky9Cewe4DWrel7B0w6VVICvPwdOpotjzcf6eD8TsckVnIMNONQyPIUFOUbCQ=="
    }
  }
}
