{
  "requires": true,
  "lockfileVersion": 1,
  "dependencies": {
    "@types/geojson": {
      "version": "7946.0.7",
      "resolved": "https://registry.npmjs.org/@types/geojson/-/geojson-7946.0.7.tgz",
      "integrity": "sha512-wE2v81i4C4Ol09RtsWFAqg3BUitWbHSpSlIo+bNdsCJijO9sjme+zm+73ZMCa/qMC8UEERxzGbvmr1cffo2SiQ=="
    },
    "@types/leaflet": {
      "version": "1.5.12",
      "resolved": "https://registry.npmjs.org/@types/leaflet/-/leaflet-1.5.12.tgz",
      "integrity": "sha512-61HRMIng+bWvnnAIqUWLBlrd/TQZc4gU+gN1JL4K47EDtwIrcMEhWgi7PdcpbG1YmpH4F0EfOimkvV82gJIl9w==",
      "requires": {
        "@types/geojson": "*"
      }
    }
  }
}
